
Microsoft Visual Studio Solution File, Format Version 12.00
# Visual Studio 15
VisualStudioVersion = 15.0.28307.1800
MinimumVisualStudioVersion = 10.0.40219.1
Project("{9A19103F-16F7-4668-BE54-9A1E7A4F7556}") = "APIandSwagger", "APIandSwagger\APIandSwagger.csproj", "{78899DA4-1178-4CB0-B609-939C1B91FE9A}"
EndProject
Global
	GlobalSection(SolutionConfigurationPlatforms) = preSolution
		Debug|Any CPU = Debug|Any CPU
		Release|Any CPU = Release|Any CPU
	EndGlobalSection
	GlobalSection(ProjectConfigurationPlatforms) = postSolution
		{78899DA4-1178-4CB0-B609-939C1B91FE9A}.Debug|Any CPU.ActiveCfg = Debug|Any CPU
		{78899DA4-1178-4CB0-B609-939C1B91FE9A}.Debug|Any CPU.Build.0 = Debug|Any CPU
		{78899DA4-1178-4CB0-B609-939C1B91FE9A}.Release|Any CPU.ActiveCfg = Release|Any CPU
		{78899DA4-1178-4CB0-B609-939C1B91FE9A}.Release|Any CPU.Build.0 = Release|Any CPU
	EndGlobalSection
	GlobalSection(SolutionProperties) = preSolution
		HideSolutionNode = FALSE
	EndGlobalSection
	GlobalSection(ExtensibilityGlobals) = postSolution
		SolutionGuid = {DEEEDE1E-8F3D-461D-8222-FDA211026B26}
	EndGlobalSection
EndGlobal
